version = 1
revision = 3
requires-python = ">=3.13"

[[package]]
name = "mlx"
version = "0.32.0"
source = { registry = "https://pypi.org/simple" }
dependencies = [
    { name = "mlx-metal", marker = "sys_platform == 'darwin'" },
]
wheels = [
    { url = "https://files.pythonhosted.org/packages/b6/be/ddc888d4a20c7602da06ad1a244f495010c6c7d2457f6253e8fa3c99ceea/mlx-0.32.0-cp313-cp313-macosx_14_0_arm64.whl", hash = "sha256:abb786ee1e9638759be82583222fc7d09c5650ef90ad2b7c5da7d1931a8676dc", size = 558795, upload-time = "2026-07-07T17:55:54.907Z" },
    { url = "https://files.pythonhosted.org/packages/38/b9/4f0ae7785fdb3fa7e44434908d832cbc7a9a1e096d046ac6fe953812c52c/mlx-0.32.0-cp313-cp313-macosx_15_0_arm64.whl", hash = "sha256:deb284f3a5cd0c3e87bed80c2bee9dcbf946bdad44d75592f6fb784da878c1c0", size = 558799, upload-time = "2026-07-07T17:55:56.844Z" },
    { url = "https://files.pythonhosted.org/packages/4c/a8/7bc999ce5d09dfac8961dcda4ed47e173fca2857492f34599b237380f20d/mlx-0.32.0-cp313-cp313-macosx_26_0_arm64.whl", hash = "sha256:4192a2d02014a13a6a1030bf13dfb4e4fe05ec3ffa47678ee37da29111e25cb1", size = 558786, upload-time = "2026-07-07T17:55:58.272Z" },
    { url = "https://files.pythonhosted.org/packages/83/cf/90980e28e6adaaf47d7951604ff2ac4ceb3952040f941bececb9b7a07a4c/mlx-0.32.0-cp313-cp313-manylinux_2_35_aarch64.whl", hash = "sha256:102043c6455fe0939509c1e96caec4678f51e241981238da97c83beeed5653f6", size = 617228, upload-time = "2026-07-07T17:55:59.603Z" },
    { url = "https://files.pythonhosted.org/packages/11/fa/e3608936caa02ebf7fc645e3289134918facb0cff6dcb563d51996a5b70e/mlx-0.32.0-cp313-cp313-manylinux_2_35_x86_64.whl", hash = "sha256:e5cdb9bf7c1a9320827a65f7ed63e3742d5b9280d31affc0c277e77982d465ae", size = 675294, upload-time = "2026-07-07T17:56:00.993Z" },
    { url = "https://files.pythonhosted.org/packages/65/96/4979a82390a69e7ff48a43d3ea5cac222ae6bc41c2ba56550f6f5bd416b3/mlx-0.32.0-cp313-cp313-win_amd64.whl", hash = "sha256:9fea39d8ecf1d08e5c3d5d70936d5a1ca6b890353c1b0b96c4e6232349d48e36", size = 558017, upload-time = "2026-07-07T17:56:02.307Z" },
    { url = "https://files.pythonhosted.org/packages/15/94/1b2a1e3b60fce6bd61ca8af3ccfe0da30f42184352a70123870fd960ce0d/mlx-0.32.0-cp313-cp313-win_arm64.whl", hash = "sha256:df6fa6785fb7a6f8d8e3e91c41074c885aa253b09c2b69e3c4d4f905e3c457e3", size = 543559, upload-time = "2026-07-07T17:56:03.644Z" },
    { url = "https://files.pythonhosted.org/packages/aa/90/5e49c183f9024f86dc1f038866ccd743aaec1fe412a7e7dc76fec9271f48/mlx-0.32.0-cp314-cp314-macosx_14_0_arm64.whl", hash = "sha256:2ee79b1f8c2c2a329afc95ece7dce0be798d43f3de771a6370d2b9f9702bbd9a", size = 561387, upload-time = "2026-07-07T17:56:05.177Z" },
    { url = "https://files.pythonhosted.org/packages/dc/33/e3d7f7a18331523762e9968b6716e81514649af81ffd9ba4364e3df95823/mlx-0.32.0-cp314-cp314-macosx_15_0_arm64.whl", hash = "sha256:e0db558267bb2d13fac4f85674456adbe0f085c570b9219e03d4e95fdc11c4d0", size = 561389, upload-time = "2026-07-07T17:56:06.743Z" },
    { url = "https://files.pythonhosted.org/packages/c2/58/bd847d3fed65296573a4bb3399adde6934c0a718813b5636000d7d1b4063/mlx-0.32.0-cp314-cp314-macosx_26_0_arm64.whl", hash = "sha256:23e83c8e74a23156696e9f9905d16a17b7d27b5a596c1bc0f720a98df1c5aadf", size = 561392, upload-time = "2026-07-07T17:56:08.237Z" },
    { url = "https://files.pythonhosted.org/packages/07/f3/0c3c8bb11362a97ebc6407a1c3e24a45de470e9326ef53dcc96e83263e84/mlx-0.32.0-cp314-cp314-manylinux_2_35_aarch64.whl", hash = "sha256:253c5d20c573b277fc64a3eec491984e7ad4c64f9b246c1b3fee903b7d1db824", size = 618758, upload-time = "2026-07-07T17:56:09.729Z" },
    { url = "https://files.pythonhosted.org/packages/c2/94/61b29c561045576e78d6f992c22d0bb301e8e6eec65588560f942d59c88d/mlx-0.32.0-cp314-cp314-manylinux_2_35_x86_64.whl", hash = "sha256:4edffbdb1f7c185e35dc4e48611966d012b1dda9225a0dabd0fbd31651374a71", size = 675130, upload-time = "2026-07-07T17:56:11.059Z" },
    { url = "https://files.pythonhosted.org/packages/01/fe/5a0dd8784e0335aa7d472365177a6a13245b4aa28cf102c9bac6d65675c8/mlx-0.32.0-cp314-cp314-win_amd64.whl", hash = "sha256:f67557bd9ce31cbb519b39e9455b19cca698eb153ab6f4deef5b4d5509d94df3", size = 572405, upload-time = "2026-07-07T17:56:12.427Z" },
    { url = "https://files.pythonhosted.org/packages/cb/26/f9efe51f7f32afc7da95fc832cc3e2744f9284b846e0e18ebd98b6bd2458/mlx-0.32.0-cp314-cp314-win_arm64.whl", hash = "sha256:13f793c354ea9dc589bbd113f4b7d299900fb440199bbb403546845852b2499b", size = 558174, upload-time = "2026-07-07T17:56:13.694Z" },
]

[[package]]
name = "mlx-metal"
version = "0.32.0"
source = { registry = "https://pypi.org/simple" }
wheels = [
    { url = "https://files.pythonhosted.org/packages/d6/ef/d74ae99cfe9ddb59fd08abd14f47754c3d199291a93756903fa595b31b8a/mlx_metal-0.32.0-py3-none-macosx_14_0_arm64.whl", hash = "sha256:5b64b20ac24b0c401f489de01e8209edc4d372125201f19314e6f39e385322aa", size = 40824649, upload-time = "2026-07-07T17:55:20.7Z" },
    { url = "https://files.pythonhosted.org/packages/d5/38/b96a3de98cfbb009592b3870af46ff63657b192f8d1e06c6c1faea5fbef3/mlx_metal-0.32.0-py3-none-macosx_15_0_arm64.whl", hash = "sha256:1bd94a1ce5b03a0c898771a3e759f0124300c6ab5155127906a1d50b1f3fcf19", size = 40818869, upload-time = "2026-07-07T17:55:25.059Z" },
    { url = "https://files.pythonhosted.org/packages/dc/59/65d32520175379df33f107749193aa94ea9db069167a36a1a100ff689f62/mlx_metal-0.32.0-py3-none-macosx_26_0_arm64.whl", hash = "sha256:3af76a498d84804f66119800499f9d143d7dffb0878a0dd0d7c2846e58565fd7", size = 56511379, upload-time = "2026-07-07T17:55:36.045Z" },
]

[[package]]
name = "polymarket-terminal"
version = "0.1.0"
source = { virtual = "." }
dependencies = [
    { name = "mlx" },
]

[package.metadata]
requires-dist = [{ name = "mlx", specifier = ">=0.32.0" }]
